
Microsoft Visual Studio Solution File, Format Version 12.00
# Visual Studio Version 16
VisualStudioVersion = 16.0.29613.14
MinimumVisualStudioVersion = 10.0.40219.1
Project("{FAE04EC0-301F-11D3-BF4B-00C04F79EFBC}") = "UAVServer", "UAVServer.csproj", "{5D4FE092-86D1-4A54-A6AE-E619C75D99BC}"
EndProject
Project("{FAE04EC0-301F-11D3-BF4B-00C04F79EFBC}") = "UAVHost", "..\UAVHost\UAVHost.csproj", "{A48F434D-22AB-4B17-8BCB-9AF47DC35FFB}"
EndProject
Project("{FAE04EC0-301F-11D3-BF4B-00C04F79EFBC}") = "TestKlientWPF", "C:\Users\Володя\source\repos\TestKlientWPF\TestKlientWPF.csproj", "{A5458CAD-6C50-4B90-8910-EFDFD16B4322}"
EndProject
Global
	GlobalSection(SolutionConfigurationPlatforms) = preSolution
		Debug|Any CPU = Debug|Any CPU
		Release|Any CPU = Release|Any CPU
	EndGlobalSection
	GlobalSection(ProjectConfigurationPlatforms) = postSolution
		{5D4FE092-86D1-4A54-A6AE-E619C75D99BC}.Debug|Any CPU.ActiveCfg = Debug|Any CPU
		{5D4FE092-86D1-4A54-A6AE-E619C75D99BC}.Debug|Any CPU.Build.0 = Debug|Any CPU
		{5D4FE092-86D1-4A54-A6AE-E619C75D99BC}.Release|Any CPU.ActiveCfg = Release|Any CPU
		{5D4FE092-86D1-4A54-A6AE-E619C75D99BC}.Release|Any CPU.Build.0 = Release|Any CPU
		{A48F434D-22AB-4B17-8BCB-9AF47DC35FFB}.Debug|Any CPU.ActiveCfg = Debug|Any CPU
		{A48F434D-22AB-4B17-8BCB-9AF47DC35FFB}.Debug|Any CPU.Build.0 = Debug|Any CPU
		{A48F434D-22AB-4B17-8BCB-9AF47DC35FFB}.Release|Any CPU.ActiveCfg = Release|Any CPU
		{A48F434D-22AB-4B17-8BCB-9AF47DC35FFB}.Release|Any CPU.Build.0 = Release|Any CPU
		{A5458CAD-6C50-4B90-8910-EFDFD16B4322}.Debug|Any CPU.ActiveCfg = Debug|Any CPU
		{A5458CAD-6C50-4B90-8910-EFDFD16B4322}.Debug|Any CPU.Build.0 = Debug|Any CPU
		{A5458CAD-6C50-4B90-8910-EFDFD16B4322}.Release|Any CPU.ActiveCfg = Release|Any CPU
		{A5458CAD-6C50-4B90-8910-EFDFD16B4322}.Release|Any CPU.Build.0 = Release|Any CPU
	EndGlobalSection
	GlobalSection(SolutionProperties) = preSolution
		HideSolutionNode = FALSE
	EndGlobalSection
	GlobalSection(ExtensibilityGlobals) = postSolution
		SolutionGuid = {1E91B45E-FF74-44E9-B2EA-C8246147170C}
	EndGlobalSection
EndGlobal
